
Microsoft Visual Studio Solution File, Format Version 12.00
# Visual Studio Version 17
VisualStudioVersion = 17.5.33502.453
MinimumVisualStudioVersion = 10.0.40219.1
Project("{FAE04EC0-301F-11D3-BF4B-00C04F79EFBC}") = "Client", "Client\Client.csproj", "{1BA1C06F-7BD6-4A7A-8EE2-018FAE3A8E93}"
EndProject
Global
	GlobalSection(SolutionConfigurationPlatforms) = preSolution
		Debug|Any CPU = Debug|Any CPU
		Release|Any CPU = Release|Any CPU
	EndGlobalSection
	GlobalSection(ProjectConfigurationPlatforms) = postSolution
		{1BA1C06F-7BD6-4A7A-8EE2-018FAE3A8E93}.Debug|Any CPU.ActiveCfg = Debug|Any CPU
		{1BA1C06F-7BD6-4A7A-8EE2-018FAE3A8E93}.Debug|Any CPU.Build.0 = Debug|Any CPU
		{1BA1C06F-7BD6-4A7A-8EE2-018FAE3A8E93}.Release|Any CPU.ActiveCfg = Release|Any CPU
		{1BA1C06F-7BD6-4A7A-8EE2-018FAE3A8E93}.Release|Any CPU.Build.0 = Release|Any CPU
	EndGlobalSection
	GlobalSection(SolutionProperties) = preSolution
		HideSolutionNode = FALSE
	EndGlobalSection
	GlobalSection(ExtensibilityGlobals) = postSolution
		SolutionGuid = {20648E11-C996-4E3E-89ED-197D2C830AE6}
	EndGlobalSection
EndGlobal
